// !$*UTF8*$!
{
	archiveVersion = 1;
	classes = {
	};
	objectVersion = 50;
	objects = {

/* Begin PBXBuildFile section */
		C152B4912197EB0F00FB8F57 /* AppDelegate.swift in Sources */ = {isa = PBXBuildFile; fileRef = C152B4902197EB0F00FB8F57 /* AppDelegate.swift */; };
		C152B4932197EB0F00FB8F57 /* ViewController.swift in Sources */ = {isa = PBXBuildFile; fileRef = C152B4922197EB0F00FB8F57 /* ViewController.swift */; };
		C152B4962197EB0F00FB8F57 /* Main.storyboard in Resources */ = {isa = PBXBuildFile; fileRef = C152B4942197EB0F00FB8F57 /* Main.storyboard */; };
		C152B4982197EB1000FB8F57 /* Assets.xcassets in Resources */ = {isa = PBXBuildFile; fileRef = C152B4972197EB1000FB8F57 /* Assets.xcassets */; };
		C152B49B2197EB1000FB8F57 /* LaunchScreen.storyboard in Resources */ = {isa = PBXBuildFile; fileRef = C152B4992197EB1000FB8F57 /* LaunchScreen.storyboard */; };
		C152B4A42197EBDF00FB8F57 /* CopyableLabel.swift in Sources */ = {isa = PBXBuildFile; fileRef = C152B4A32197EBDF00FB8F57 /* CopyableLabel.swift */; };
/* End PBXBuildFile section */

/* Begin PBXFileReference section */
		C152B48D2197EB0F00FB8F57 /* UUIDs & Keychain.app */ = {isa = PBXFileReference; explicitFileType = wrapper.application; includeInIndex = 0; path = "UUIDs & Keychain.app"; sourceTree = BUILT_PRODUCTS_DIR; };
		C152B4902197EB0F00FB8F57 /* AppDelegate.swift */ = {isa = PBXFileReference; lastKnownFileType = sourcecode.swift; path = AppDelegate.swift; sourceTree = "<group>"; };
		C152B4922197EB0F00FB8F57 /* ViewController.swift */ = {isa = PBXFileReference; lastKnownFileType = sourcecode.swift; path = ViewController.swift; sourceTree = "<group>"; };
		C152B4952197EB0F00FB8F57 /* Base */ = {isa = PBXFileReference; lastKnownFileType = file.storyboard; name = Base; path = Base.lproj/Main.storyboard; sourceTree = "<group>"; };
		C152B4972197EB1000FB8F57 /* Assets.xcassets */ = {isa = PBXFileReference; lastKnownFileType = folder.assetcatalog; path = Assets.xcassets; sourceTree = "<group>"; };
		C152B49A2197EB1000FB8F57 /* Base */ = {isa = PBXFileReference; lastKnownFileType = file.storyboard; name = Base; path = Base.lproj/LaunchScreen.storyboard; sourceTree = "<group>"; };
		C152B49C2197EB1000FB8F57 /* Info.plist */ = {isa = PBXFileReference; lastKnownFileType = text.plist.xml; path = Info.plist; sourceTree = "<group>"; };
		C152B4A22197EB1800FB8F57 /* UUIDs & Keychain.entitlements */ = {isa = PBXFileReference; lastKnownFileType = text.plist.entitlements; path = "UUIDs & Keychain.entitlements"; sourceTree = "<group>"; };
		C152B4A32197EBDF00FB8F57 /* CopyableLabel.swift */ = {isa = PBXFileReference; fileEncoding = 4; lastKnownFileType = sourcecode.swift; path = CopyableLabel.swift; sourceTree = "<group>"; };
/* End PBXFileReference section */

/* Begin PBXFrameworksBuildPhase section */
		C152B48A2197EB0F00FB8F57 /* Frameworks */ = {
			isa = PBXFrameworksBuildPhase;
			buildActionMask = 2147483647;
			files = (
			);
			runOnlyForDeploymentPostprocessing = 0;
		};
/* End PBXFrameworksBuildPhase section */

/* Begin PBXGroup section */
		C152B4842197EB0F00FB8F57 = {
			isa = PBXGroup;
			children = (
				C152B48F2197EB0F00FB8F57 /* UUIDs & Keychain */,
				C152B48E2197EB0F00FB8F57 /* Products */,
			);
			sourceTree = "<group>";
		};
		C152B48E2197EB0F00FB8F57 /* Products */ = {
			isa = PBXGroup;
			children = (
				C152B48D2197EB0F00FB8F57 /* UUIDs & Keychain.app */,
			);
			name = Products;
			sourceTree = "<group>";
		};
		C152B48F2197EB0F00FB8F57 /* UUIDs & Keychain */ = {
			isa = PBXGroup;
			children = (
				C152B4A22197EB1800FB8F57 /* UUIDs & Keychain.entitlements */,
				C152B4902197EB0F00FB8F57 /* AppDelegate.swift */,
				C152B4922197EB0F00FB8F57 /* ViewController.swift */,
				C152B4A32197EBDF00FB8F57 /* CopyableLabel.swift */,
				C152B4942197EB0F00FB8F57 /* Main.storyboard */,
				C152B4972197EB1000FB8F57 /* Assets.xcassets */,
				C152B4992197EB1000FB8F57 /* LaunchScreen.storyboard */,
				C152B49C2197EB1000FB8F57 /* Info.plist */,
			);
			path = "UUIDs & Keychain";
			sourceTree = "<group>";
		};
/* End PBXGroup section */

/* Begin PBXNativeTarget section */
		C152B48C2197EB0F00FB8F57 /* UUIDs & Keychain */ = {
			isa = PBXNativeTarget;
			buildConfigurationList = C152B49F2197EB1000FB8F57 /* Build configuration list for PBXNativeTarget "UUIDs & Keychain" */;
			buildPhases = (
				C152B4892197EB0F00FB8F57 /* Sources */,
				C152B48A2197EB0F00FB8F57 /* Frameworks */,
				C152B48B2197EB0F00FB8F57 /* Resources */,
			);
			buildRules = (
			);
			dependencies = (
			);
			name = "UUIDs & Keychain";
			productName = "UUIDs & Keychain";
			productReference = C152B48D2197EB0F00FB8F57 /* UUIDs & Keychain.app */;
			productType = "com.apple.product-type.application";
		};
/* End PBXNativeTarget section */

/* Begin PBXProject section */
		C152B4852197EB0F00FB8F57 /* Project object */ = {
			isa = PBXProject;
			attributes = {
				LastSwiftUpdateCheck = 1000;
				LastUpgradeCheck = 1000;
				ORGANIZATIONNAME = kidnapper;
				TargetAttributes = {
					C152B48C2197EB0F00FB8F57 = {
						CreatedOnToolsVersion = 10.0;
						SystemCapabilities = {
							com.apple.Keychain = {
								enabled = 1;
							};
						};
					};
				};
			};
			buildConfigurationList = C152B4882197EB0F00FB8F57 /* Build configuration list for PBXProject "UUIDs & Keychain" */;
			compatibilityVersion = "Xcode 9.3";
			developmentRegion = en;
			hasScannedForEncodings = 0;
			knownRegions = (
				en,
				Base,
			);
			mainGroup = C152B4842197EB0F00FB8F57;
			productRefGroup = C152B48E2197EB0F00FB8F57 /* Products */;
			projectDirPath = "";
			projectRoot = "";
			targets = (
				C152B48C2197EB0F00FB8F57 /* UUIDs & Keychain */,
			);
		};
/* End PBXProject section */

/* Begin PBXResourcesBuildPhase section */
		C152B48B2197EB0F00FB8F57 /* Resources */ = {
			isa = PBXResourcesBuildPhase;
			buildActionMask = 2147483647;
			files = (
				C152B49B2197EB1000FB8F57 /* LaunchScreen.storyboard in Resources */,
				C152B4982197EB1000FB8F57 /* Assets.xcassets in Resources */,
				C152B4962197EB0F00FB8F57 /* Main.storyboard in Resources */,
			);
			runOnlyForDeploymentPostprocessing = 0;
		};
/* End PBXResourcesBuildPhase section */

/* Begin PBXSourcesBuildPhase section */
		C152B4892197EB0F00FB8F57 /* Sources */ = {
			isa = PBXSourcesBuildPhase;
			buildActionMask = 2147483647;
			files = (
				C152B4932197EB0F00FB8F57 /* ViewController.swift in Sources */,
				C152B4912197EB0F00FB8F57 /* AppDelegate.swift in Sources */,
				C152B4A42197EBDF00FB8F57 /* CopyableLabel.swift in Sources */,
			);
			runOnlyForDeploymentPostprocessing = 0;
		};
/* End PBXSourcesBuildPhase section */

/* Begin PBXVariantGroup section */
		C152B4942197EB0F00FB8F57 /* Main.storyboard */ = {
			isa = PBXVariantGroup;
			children = (
				C152B4952197EB0F00FB8F57 /* Base */,
			);
			name = Main.storyboard;
			sourceTree = "<group>";
		};
		C152B4992197EB1000FB8F57 /* LaunchScreen.storyboard */ = {
			isa = PBXVariantGroup;
			children = (
				C152B49A2197EB1000FB8F57 /* Base */,
			);
			name = LaunchScreen.storyboard;
			sourceTree = "<group>";
		};
/* End PBXVariantGroup section */

/* Begin XCBuildConfiguration section */
		C152B49D2197EB1000FB8F57 /* Debug */ = {
			isa = XCBuildConfiguration;
			buildSettings = {
				ALWAYS_SEARCH_USER_PATHS = NO;
				CLANG_ANALYZER_NONNULL = YES;
				CLANG_ANALYZER_NUMBER_OBJECT_CONVERSION = YES_AGGRESSIVE;
				CLANG_CXX_LANGUAGE_STANDARD = "gnu++14";
				CLANG_CXX_LIBRARY = "libc++";
				CLANG_ENABLE_MODULES = YES;
				CLANG_ENABLE_OBJC_ARC = YES;
				CLANG_ENABLE_OBJC_WEAK = YES;
				CLANG_WARN_BLOCK_CAPTURE_AUTORELEASING = YES;
				CLANG_WARN_BOOL_CONVERSION = YES;
				CLANG_WARN_COMMA = YES;
				CLANG_WARN_CONSTANT_CONVERSION = YES;
				CLANG_WARN_DEPRECATED_OBJC_IMPLEMENTATIONS = YES;
				CLANG_WARN_DIRECT_OBJC_ISA_USAGE = YES_ERROR;
				CLANG_WARN_DOCUMENTATION_COMMENTS = YES;
				CLANG_WARN_EMPTY_BODY = YES;
				CLANG_WARN_ENUM_CONVERSION = YES;
				CLANG_WARN_INFINITE_RECURSION = YES;
				CLANG_WARN_INT_CONVERSION = YES;
				CLANG_WARN_NON_LITERAL_NULL_CONVERSION = YES;
				CLANG_WARN_OBJC_IMPLICIT_RETAIN_SELF = YES;
				CLANG_WARN_OBJC_LITERAL_CONVERSION = YES;
				CLANG_WARN_OBJC_ROOT_CLASS = YES_ERROR;
				CLANG_WARN_RANGE_LOOP_ANALYSIS = YES;
				CLANG_WARN_STRICT_PROTOTYPES = YES;
				CLANG_WARN_SUSPICIOUS_MOVE = YES;
				CLANG_WARN_UNGUARDED_AVAILABILITY = YES_AGGRESSIVE;
				CLANG_WARN_UNREACHABLE_CODE = YES;
				CLANG_WARN__DUPLICATE_METHOD_MATCH = YES;
				CODE_SIGN_IDENTITY = "iPhone Developer";
				COPY_PHASE_STRIP = NO;
				DEBUG_INFORMATION_FORMAT = dwarf;
				ENABLE_STRICT_OBJC_MSGSEND = YES;
				ENABLE_TESTABILITY = YES;
				GCC_C_LANGUAGE_STANDARD = gnu11;
				GCC_DYNAMIC_NO_PIC = NO;
				GCC_NO_COMMON_BLOCKS = YES;
				GCC_OPTIMIZATION_LEVEL = 0;
				GCC_PREPROCESSOR_DEFINITIONS = (
					"DEBUG=1",
					"$(inherited)",
				);
				GCC_WARN_64_TO_32_BIT_CONVERSION = YES;
				GCC_WARN_ABOUT_RETURN_TYPE = YES_ERROR;
				GCC_WARN_UNDECLARED_SELECTOR = YES;
				GCC_WARN_UNINITIALIZED_AUTOS = YES_AGGRESSIVE;
				GCC_WARN_UNUSED_FUNCTION = YES;
				GCC_WARN_UNUSED_VARIABLE = YES;
				IPHONEOS_DEPLOYMENT_TARGET = 12.0;
				MTL_ENABLE_DEBUG_INFO = INCLUDE_SOURCE;
				MTL_FAST_MATH = YES;
				ONLY_ACTIVE_ARCH = YES;
				SDKROOT = iphoneos;
				SWIFT_ACTIVE_COMPILATION_CONDITIONS = DEBUG;
				SWIFT_OPTIMIZATION_LEVEL = "-Onone";
			};
			name = Debug;
		};
		C152B49E2197EB1000FB8F57 /* Release */ = {
			isa = XCBuildConfiguration;
			buildSettings = {
				ALWAYS_SEARCH_USER_PATHS = NO;
				CLANG_ANALYZER_NONNULL = YES;
				CLANG_ANALYZER_NUMBER_OBJECT_CONVERSION = YES_AGGRESSIVE;
				CLANG_CXX_LANGUAGE_STANDARD = "gnu++14";
				CLANG_CXX_LIBRARY = "libc++";
				CLANG_ENABLE_MODULES = YES;
				CLANG_ENABLE_OBJC_ARC = YES;
				CLANG_ENABLE_OBJC_WEAK = YES;
				CLANG_WARN_BLOCK_CAPTURE_AUTORELEASING = YES;
				CLANG_WARN_BOOL_CONVERSION = YES;
				CLANG_WARN_COMMA = YES;
				CLANG_WARN_CONSTANT_CONVERSION = YES;
				CLANG_WARN_DEPRECATED_OBJC_IMPLEMENTATIONS = YES;
				CLANG_WARN_DIRECT_OBJC_ISA_USAGE = YES_ERROR;
				CLANG_WARN_DOCUMENTATION_COMMENTS = YES;
				CLANG_WARN_EMPTY_BODY = YES;
				CLANG_WARN_ENUM_CONVERSION = YES;
				CLANG_WARN_INFINITE_RECURSION = YES;
				CLANG_WARN_INT_CONVERSION = YES;
				CLANG_WARN_NON_LITERAL_NULL_CONVERSION = YES;
				CLANG_WARN_OBJC_IMPLICIT_RETAIN_SELF = YES;
				CLANG_WARN_OBJC_LITERAL_CONVERSION = YES;
				CLANG_WARN_OBJC_ROOT_CLASS = YES_ERROR;
				CLANG_WARN_RANGE_LOOP_ANALYSIS = YES;
				CLANG_WARN_STRICT_PROTOTYPES = YES;
				CLANG_WARN_SUSPICIOUS_MOVE = YES;
				CLANG_WARN_UNGUARDED_AVAILABILITY = YES_AGGRESSIVE;
				CLANG_WARN_UNREACHABLE_CODE = YES;
				CLANG_WARN__DUPLICATE_METHOD_MATCH = YES;
				CODE_SIGN_IDENTITY = "iPhone Developer";
				COPY_PHASE_STRIP = NO;
				DEBUG_INFORMATION_FORMAT = "dwarf-with-dsym";
				ENABLE_NS_ASSERTIONS = NO;
				ENABLE_STRICT_OBJC_MSGSEND = YES;
				GCC_C_LANGUAGE_STANDARD = gnu11;
				GCC_NO_COMMON_BLOCKS = YES;
				GCC_WARN_64_TO_32_BIT_CONVERSION = YES;
				GCC_WARN_ABOUT_RETURN_TYPE = YES_ERROR;
				GCC_WARN_UNDECLARED_SELECTOR = YES;
				GCC_WARN_UNINITIALIZED_AUTOS = YES_AGGRESSIVE;
				GCC_WARN_UNUSED_FUNCTION = YES;
				GCC_WARN_UNUSED_VARIABLE = YES;
				IPHONEOS_DEPLOYMENT_TARGET = 12.0;
				MTL_ENABLE_DEBUG_INFO = NO;
				MTL_FAST_MATH = YES;
				SDKROOT = iphoneos;
				SWIFT_COMPILATION_MODE = wholemodule;
				SWIFT_OPTIMIZATION_LEVEL = "-O";
				VALIDATE_PRODUCT = YES;
			};
			name = Release;
		};
		C152B4A02197EB1000FB8F57 /* Debug */ = {
			isa = XCBuildConfiguration;
			buildSettings = {
				ASSETCATALOG_COMPILER_APPICON_NAME = AppIcon;
				CODE_SIGN_ENTITLEMENTS = "UUIDs & Keychain/UUIDs & Keychain.entitlements";
				CODE_SIGN_IDENTITY = "iPhone Developer";
				CODE_SIGN_STYLE = Automatic;
				DEVELOPMENT_TEAM = "";
				INFOPLIST_FILE = "UUIDs & Keychain/Info.plist";
				LD_RUNPATH_SEARCH_PATHS = (
					"$(inherited)",
					"@executable_path/Frameworks",
				);
				PRODUCT_BUNDLE_IDENTIFIER = "kidnapper.UUIDs---Keychain";
				PRODUCT_NAME = "$(TARGET_NAME)";
				PROVISIONING_PROFILE_SPECIFIER = "";
				SWIFT_VERSION = 4.2;
				TARGETED_DEVICE_FAMILY = "1,2";
			};
			name = Debug;
		};
		C152B4A12197EB1000FB8F57 /* Release */ = {
			isa = XCBuildConfiguration;
			buildSettings = {
				ASSETCATALOG_COMPILER_APPICON_NAME = AppIcon;
				CODE_SIGN_ENTITLEMENTS = "UUIDs & Keychain/UUIDs & Keychain.entitlements";
				CODE_SIGN_IDENTITY = "iPhone Developer";
				CODE_SIGN_STYLE = Automatic;
				DEVELOPMENT_TEAM = "";
				INFOPLIST_FILE = "UUIDs & Keychain/Info.plist";
				LD_RUNPATH_SEARCH_PATHS = (
					"$(inherited)",
					"@executable_path/Frameworks",
				);
				PRODUCT_BUNDLE_IDENTIFIER = "kidnapper.UUIDs---Keychain";
				PRODUCT_NAME = "$(TARGET_NAME)";
				PROVISIONING_PROFILE_SPECIFIER = "";
				SWIFT_VERSION = 4.2;
				TARGETED_DEVICE_FAMILY = "1,2";
			};
			name = Release;
		};
/* End XCBuildConfiguration section */

/* Begin XCConfigurationList section */
		C152B4882197EB0F00FB8F57 /* Build configuration list for PBXProject "UUIDs & Keychain" */ = {
			isa = XCConfigurationList;
			buildConfigurations = (
				C152B49D2197EB1000FB8F57 /* Debug */,
				C152B49E2197EB1000FB8F57 /* Release */,
			);
			defaultConfigurationIsVisible = 0;
			defaultConfigurationName = Release;
		};
		C152B49F2197EB1000FB8F57 /* Build configuration list for PBXNativeTarget "UUIDs & Keychain" */ = {
			isa = XCConfigurationList;
			buildConfigurations = (
				C152B4A02197EB1000FB8F57 /* Debug */,
				C152B4A12197EB1000FB8F57 /* Release */,
			);
			defaultConfigurationIsVisible = 0;
			defaultConfigurationName = Release;
		};
/* End XCConfigurationList section */
	};
	rootObject = C152B4852197EB0F00FB8F57 /* Project object */;
}
